
Microsoft Visual Studio Solution File, Format Version 12.00
# Visual Studio 15
VisualStudioVersion = 15.0.26228.4
MinimumVisualStudioVersion = 10.0.40219.1
Project("{9A19103F-16F7-4668-BE54-9A1E7A4F7556}") = "AdaptedSlottedAloha.Web", "AdaptedSlottedAloha.Web.csproj", "{BC5DABA9-C81C-4561-B567-4691C34C0FCD}"
EndProject
Project("{FAE04EC0-301F-11D3-BF4B-00C04F79EFBC}") = "AdaptedSlottedAloha", "AdaptedSlottedAloha\AdaptedSlottedAloha.csproj", "{6DF5A186-7B4A-48D7-83C8-F66ECCF162EA}"
EndProject
Global
	GlobalSection(SolutionConfigurationPlatforms) = preSolution
		Debug|Any CPU = Debug|Any CPU
		Release|Any CPU = Release|Any CPU
	EndGlobalSection
	GlobalSection(ProjectConfigurationPlatforms) = postSolution
		{BC5DABA9-C81C-4561-B567-4691C34C0FCD}.Debug|Any CPU.ActiveCfg = Debug|Any CPU
		{BC5DABA9-C81C-4561-B567-4691C34C0FCD}.Debug|Any CPU.Build.0 = Debug|Any CPU
		{BC5DABA9-C81C-4561-B567-4691C34C0FCD}.Release|Any CPU.ActiveCfg = Release|Any CPU
		{BC5DABA9-C81C-4561-B567-4691C34C0FCD}.Release|Any CPU.Build.0 = Release|Any CPU
		{6DF5A186-7B4A-48D7-83C8-F66ECCF162EA}.Debug|Any CPU.ActiveCfg = Debug|Any CPU
		{6DF5A186-7B4A-48D7-83C8-F66ECCF162EA}.Debug|Any CPU.Build.0 = Debug|Any CPU
		{6DF5A186-7B4A-48D7-83C8-F66ECCF162EA}.Release|Any CPU.ActiveCfg = Release|Any CPU
		{6DF5A186-7B4A-48D7-83C8-F66ECCF162EA}.Release|Any CPU.Build.0 = Release|Any CPU
	EndGlobalSection
	GlobalSection(SolutionProperties) = preSolution
		HideSolutionNode = FALSE
	EndGlobalSection
	GlobalSection(ExtensibilityGlobals) = postSolution
		SolutionGuid = {F20C6A98-15D4-4E3F-BB6F-7E9680DA5706}
	EndGlobalSection
EndGlobal
